// !$*UTF8*$!
{
	archiveVersion = 1;
	classes = {
	};
	objectVersion = 56;
	objects = {

/* Begin PBXBuildFile section */
		E46924D62B670B6B00B735A2 /* Readme.md in Resources */ = {isa = PBXBuildFile; fileRef = E46924D52B670B6B00B735A2 /* Readme.md */; };
		E4A100002B65756700526B23 /* NoteView.swift in Sources */ = {isa = PBXBuildFile; fileRef = E4A1FFFF2B65756700526B23 /* NoteView.swift */; };
		E4A1FFC52B6462EE00526B23 /* Notes3App.swift in Sources */ = {isa = PBXBuildFile; fileRef = E4A1FFC42B6462EE00526B23 /* Notes3App.swift */; };
		E4A1FFC72B6462EE00526B23 /* ContentView.swift in Sources */ = {isa = PBXBuildFile; fileRef = E4A1FFC62B6462EE00526B23 /* ContentView.swift */; };
		E4A1FFC92B6462EF00526B23 /* Assets.xcassets in Resources */ = {isa = PBXBuildFile; fileRef = E4A1FFC82B6462EF00526B23 /* Assets.xcassets */; };
		E4A1FFCC2B6462EF00526B23 /* Preview Assets.xcassets in Resources */ = {isa = PBXBuildFile; fileRef = E4A1FFCB2B6462EF00526B23 /* Preview Assets.xcassets */; };
		E4A1FFD62B6462EF00526B23 /* Notes3Tests.swift in Sources */ = {isa = PBXBuildFile; fileRef = E4A1FFD52B6462EF00526B23 /* Notes3Tests.swift */; };
		E4A1FFE02B6462EF00526B23 /* Notes3UITests.swift in Sources */ = {isa = PBXBuildFile; fileRef = E4A1FFDF2B6462EF00526B23 /* Notes3UITests.swift */; };
		E4A1FFE22B6462EF00526B23 /* Notes3UITestsLaunchTests.swift in Sources */ = {isa = PBXBuildFile; fileRef = E4A1FFE12B6462EF00526B23 /* Notes3UITestsLaunchTests.swift */; };
		E4A1FFEF2B64633100526B23 /* ThreeColumnContentView.swift in Sources */ = {isa = PBXBuildFile; fileRef = E4A1FFEE2B64633100526B23 /* ThreeColumnContentView.swift */; };
		E4A1FFF22B64638100526B23 /* Note.swift in Sources */ = {isa = PBXBuildFile; fileRef = E4A1FFF12B64638100526B23 /* Note.swift */; };
		E4A1FFF42B64782700526B23 /* NavigationContext.swift in Sources */ = {isa = PBXBuildFile; fileRef = E4A1FFF32B64782700526B23 /* NavigationContext.swift */; };
		E4A1FFF62B647A2900526B23 /* TopicListView.swift in Sources */ = {isa = PBXBuildFile; fileRef = E4A1FFF52B647A2900526B23 /* TopicListView.swift */; };
		E4A1FFF82B647EF700526B23 /* NotesSampleData.swift in Sources */ = {isa = PBXBuildFile; fileRef = E4A1FFF72B647EF700526B23 /* NotesSampleData.swift */; };
		E4A1FFFA2B6546C300526B23 /* AddTopicView.swift in Sources */ = {isa = PBXBuildFile; fileRef = E4A1FFF92B6546C300526B23 /* AddTopicView.swift */; };
		E4A1FFFC2B6550AF00526B23 /* AddNoteView.swift in Sources */ = {isa = PBXBuildFile; fileRef = E4A1FFFB2B6550AF00526B23 /* AddNoteView.swift */; };
		E4A1FFFE2B6568F400526B23 /* NoteListView.swift in Sources */ = {isa = PBXBuildFile; fileRef = E4A1FFFD2B6568F400526B23 /* NoteListView.swift */; };
/* End PBXBuildFile section */

/* Begin PBXContainerItemProxy section */
		E4A1FFD22B6462EF00526B23 /* PBXContainerItemProxy */ = {
			isa = PBXContainerItemProxy;
			containerPortal = E4A1FFB92B6462EE00526B23 /* Project object */;
			proxyType = 1;
			remoteGlobalIDString = E4A1FFC02B6462EE00526B23;
			remoteInfo = Notes3;
		};
		E4A1FFDC2B6462EF00526B23 /* PBXContainerItemProxy */ = {
			isa = PBXContainerItemProxy;
			containerPortal = E4A1FFB92B6462EE00526B23 /* Project object */;
			proxyType = 1;
			remoteGlobalIDString = E4A1FFC02B6462EE00526B23;
			remoteInfo = Notes3;
		};
/* End PBXContainerItemProxy section */

/* Begin PBXFileReference section */
		E46924D52B670B6B00B735A2 /* Readme.md */ = {isa = PBXFileReference; lastKnownFileType = net.daringfireball.markdown; path = Readme.md; sourceTree = "<group>"; };
		E4A1FFC12B6462EE00526B23 /* Notes3.app */ = {isa = PBXFileReference; explicitFileType = wrapper.application; includeInIndex = 0; path = Notes3.app; sourceTree = BUILT_PRODUCTS_DIR; };
		E4A1FFC42B6462EE00526B23 /* Notes3App.swift */ = {isa = PBXFileReference; lastKnownFileType = sourcecode.swift; path = Notes3App.swift; sourceTree = "<group>"; };
		E4A1FFC62B6462EE00526B23 /* ContentView.swift */ = {isa = PBXFileReference; lastKnownFileType = sourcecode.swift; path = ContentView.swift; sourceTree = "<group>"; };
		E4A1FFC82B6462EF00526B23 /* Assets.xcassets */ = {isa = PBXFileReference; lastKnownFileType = folder.assetcatalog; path = Assets.xcassets; sourceTree = "<group>"; };
		E4A1FFCB2B6462EF00526B23 /* Preview Assets.xcassets */ = {isa = PBXFileReference; lastKnownFileType = folder.assetcatalog; path = "Preview Assets.xcassets"; sourceTree = "<group>"; };
		E4A1FFD12B6462EF00526B23 /* Notes3Tests.xctest */ = {isa = PBXFileReference; explicitFileType = wrapper.cfbundle; includeInIndex = 0; path = Notes3Tests.xctest; sourceTree = BUILT_PRODUCTS_DIR; };
		E4A1FFD52B6462EF00526B23 /* Notes3Tests.swift */ = {isa = PBXFileReference; lastKnownFileType = sourcecode.swift; path = Notes3Tests.swift; sourceTree = "<group>"; };
		E4A1FFDB2B6462EF00526B23 /* Notes3UITests.xctest */ = {isa = PBXFileReference; explicitFileType = wrapper.cfbundle; includeInIndex = 0; path = Notes3UITests.xctest; sourceTree = BUILT_PRODUCTS_DIR; };
		E4A1FFDF2B6462EF00526B23 /* Notes3UITests.swift */ = {isa = PBXFileReference; lastKnownFileType = sourcecode.swift; path = Notes3UITests.swift; sourceTree = "<group>"; };
		E4A1FFE12B6462EF00526B23 /* Notes3UITestsLaunchTests.swift */ = {isa = PBXFileReference; lastKnownFileType = sourcecode.swift; path = Notes3UITestsLaunchTests.swift; sourceTree = "<group>"; };
		E4A1FFEE2B64633100526B23 /* ThreeColumnContentView.swift */ = {isa = PBXFileReference; lastKnownFileType = sourcecode.swift; path = ThreeColumnContentView.swift; sourceTree = "<group>"; };
		E4A1FFF12B64638100526B23 /* Note.swift */ = {isa = PBXFileReference; lastKnownFileType = sourcecode.swift; path = Note.swift; sourceTree = "<group>"; };
		E4A1FFF32B64782700526B23 /* NavigationContext.swift */ = {isa = PBXFileReference; lastKnownFileType = sourcecode.swift; path = NavigationContext.swift; sourceTree = "<group>"; };
		E4A1FFF52B647A2900526B23 /* TopicListView.swift */ = {isa = PBXFileReference; lastKnownFileType = sourcecode.swift; path = TopicListView.swift; sourceTree = "<group>"; };
		E4A1FFF72B647EF700526B23 /* NotesSampleData.swift */ = {isa = PBXFileReference; lastKnownFileType = sourcecode.swift; path = NotesSampleData.swift; sourceTree = "<group>"; };
		E4A1FFF92B6546C300526B23 /* AddTopicView.swift */ = {isa = PBXFileReference; lastKnownFileType = sourcecode.swift; path = AddTopicView.swift; sourceTree = "<group>"; };
		E4A1FFFB2B6550AF00526B23 /* AddNoteView.swift */ = {isa = PBXFileReference; lastKnownFileType = sourcecode.swift; path = AddNoteView.swift; sourceTree = "<group>"; };
		E4A1FFFD2B6568F400526B23 /* NoteListView.swift */ = {isa = PBXFileReference; lastKnownFileType = sourcecode.swift; path = NoteListView.swift; sourceTree = "<group>"; };
		E4A1FFFF2B65756700526B23 /* NoteView.swift */ = {isa = PBXFileReference; lastKnownFileType = sourcecode.swift; path = NoteView.swift; sourceTree = "<group>"; };
/* End PBXFileReference section */

/* Begin PBXFrameworksBuildPhase section */
		E4A1FFBE2B6462EE00526B23 /* Frameworks */ = {
			isa = PBXFrameworksBuildPhase;
			buildActionMask = 2147483647;
			files = (
			);
			runOnlyForDeploymentPostprocessing = 0;
		};
		E4A1FFCE2B6462EF00526B23 /* Frameworks */ = {
			isa = PBXFrameworksBuildPhase;
			buildActionMask = 2147483647;
			files = (
			);
			runOnlyForDeploymentPostprocessing = 0;
		};
		E4A1FFD82B6462EF00526B23 /* Frameworks */ = {
			isa = PBXFrameworksBuildPhase;
			buildActionMask = 2147483647;
			files = (
			);
			runOnlyForDeploymentPostprocessing = 0;
		};
/* End PBXFrameworksBuildPhase section */

/* Begin PBXGroup section */
		E4A1FFB82B6462EE00526B23 = {
			isa = PBXGroup;
			children = (
				E46924D52B670B6B00B735A2 /* Readme.md */,
				E4A1FFC32B6462EE00526B23 /* Notes3 */,
				E4A1FFD42B6462EF00526B23 /* Notes3Tests */,
				E4A1FFDE2B6462EF00526B23 /* Notes3UITests */,
				E4A1FFC22B6462EE00526B23 /* Products */,
			);
			sourceTree = "<group>";
		};
		E4A1FFC22B6462EE00526B23 /* Products */ = {
			isa = PBXGroup;
			children = (
				E4A1FFC12B6462EE00526B23 /* Notes3.app */,
				E4A1FFD12B6462EF00526B23 /* Notes3Tests.xctest */,
				E4A1FFDB2B6462EF00526B23 /* Notes3UITests.xctest */,
			);
			name = Products;
			sourceTree = "<group>";
		};
		E4A1FFC32B6462EE00526B23 /* Notes3 */ = {
			isa = PBXGroup;
			children = (
				E4A1FFC42B6462EE00526B23 /* Notes3App.swift */,
				E4A1FFF02B64636800526B23 /* Data */,
				E4A1FFC62B6462EE00526B23 /* ContentView.swift */,
				E4A1FFEE2B64633100526B23 /* ThreeColumnContentView.swift */,
				E4A1FFF52B647A2900526B23 /* TopicListView.swift */,
				E4A1FFF92B6546C300526B23 /* AddTopicView.swift */,
				E4A1FFFD2B6568F400526B23 /* NoteListView.swift */,
				E4A1FFFB2B6550AF00526B23 /* AddNoteView.swift */,
				E4A1FFFF2B65756700526B23 /* NoteView.swift */,
				E4A1FFC82B6462EF00526B23 /* Assets.xcassets */,
				E4A1FFCA2B6462EF00526B23 /* Preview Content */,
			);
			path = Notes3;
			sourceTree = "<group>";
		};
		E4A1FFCA2B6462EF00526B23 /* Preview Content */ = {
			isa = PBXGroup;
			children = (
				E4A1FFCB2B6462EF00526B23 /* Preview Assets.xcassets */,
			);
			path = "Preview Content";
			sourceTree = "<group>";
		};
		E4A1FFD42B6462EF00526B23 /* Notes3Tests */ = {
			isa = PBXGroup;
			children = (
				E4A1FFD52B6462EF00526B23 /* Notes3Tests.swift */,
			);
			path = Notes3Tests;
			sourceTree = "<group>";
		};
		E4A1FFDE2B6462EF00526B23 /* Notes3UITests */ = {
			isa = PBXGroup;
			children = (
				E4A1FFDF2B6462EF00526B23 /* Notes3UITests.swift */,
				E4A1FFE12B6462EF00526B23 /* Notes3UITestsLaunchTests.swift */,
			);
			path = Notes3UITests;
			sourceTree = "<group>";
		};
		E4A1FFF02B64636800526B23 /* Data */ = {
			isa = PBXGroup;
			children = (
				E4A1FFF12B64638100526B23 /* Note.swift */,
				E4A1FFF32B64782700526B23 /* NavigationContext.swift */,
				E4A1FFF72B647EF700526B23 /* NotesSampleData.swift */,
			);
			path = Data;
			sourceTree = "<group>";
		};
/* End PBXGroup section */

/* Begin PBXNativeTarget section */
		E4A1FFC02B6462EE00526B23 /* Notes3 */ = {
			isa = PBXNativeTarget;
			buildConfigurationList = E4A1FFE52B6462EF00526B23 /* Build configuration list for PBXNativeTarget "Notes3" */;
			buildPhases = (
				E4A1FFBD2B6462EE00526B23 /* Sources */,
				E4A1FFBE2B6462EE00526B23 /* Frameworks */,
				E4A1FFBF2B6462EE00526B23 /* Resources */,
			);
			buildRules = (
			);
			dependencies = (
			);
			name = Notes3;
			productName = Notes3;
			productReference = E4A1FFC12B6462EE00526B23 /* Notes3.app */;
			productType = "com.apple.product-type.application";
		};
		E4A1FFD02B6462EF00526B23 /* Notes3Tests */ = {
			isa = PBXNativeTarget;
			buildConfigurationList = E4A1FFE82B6462EF00526B23 /* Build configuration list for PBXNativeTarget "Notes3Tests" */;
			buildPhases = (
				E4A1FFCD2B6462EF00526B23 /* Sources */,
				E4A1FFCE2B6462EF00526B23 /* Frameworks */,
				E4A1FFCF2B6462EF00526B23 /* Resources */,
			);
			buildRules = (
			);
			dependencies = (
				E4A1FFD32B6462EF00526B23 /* PBXTargetDependency */,
			);
			name = Notes3Tests;
			productName = Notes3Tests;
			productReference = E4A1FFD12B6462EF00526B23 /* Notes3Tests.xctest */;
			productType = "com.apple.product-type.bundle.unit-test";
		};
		E4A1FFDA2B6462EF00526B23 /* Notes3UITests */ = {
			isa = PBXNativeTarget;
			buildConfigurationList = E4A1FFEB2B6462EF00526B23 /* Build configuration list for PBXNativeTarget "Notes3UITests" */;
			buildPhases = (
				E4A1FFD72B6462EF00526B23 /* Sources */,
				E4A1FFD82B6462EF00526B23 /* Frameworks */,
				E4A1FFD92B6462EF00526B23 /* Resources */,
			);
			buildRules = (
			);
			dependencies = (
				E4A1FFDD2B6462EF00526B23 /* PBXTargetDependency */,
			);
			name = Notes3UITests;
			productName = Notes3UITests;
			productReference = E4A1FFDB2B6462EF00526B23 /* Notes3UITests.xctest */;
			productType = "com.apple.product-type.bundle.ui-testing";
		};
/* End PBXNativeTarget section */

/* Begin PBXProject section */
		E4A1FFB92B6462EE00526B23 /* Project object */ = {
			isa = PBXProject;
			attributes = {
				BuildIndependentTargetsInParallel = 1;
				LastSwiftUpdateCheck = 1510;
				LastUpgradeCheck = 1510;
				TargetAttributes = {
					E4A1FFC02B6462EE00526B23 = {
						CreatedOnToolsVersion = 15.1;
					};
					E4A1FFD02B6462EF00526B23 = {
						CreatedOnToolsVersion = 15.1;
						TestTargetID = E4A1FFC02B6462EE00526B23;
					};
					E4A1FFDA2B6462EF00526B23 = {
						CreatedOnToolsVersion = 15.1;
						TestTargetID = E4A1FFC02B6462EE00526B23;
					};
				};
			};
			buildConfigurationList = E4A1FFBC2B6462EE00526B23 /* Build configuration list for PBXProject "Notes3" */;
			compatibilityVersion = "Xcode 14.0";
			developmentRegion = en;
			hasScannedForEncodings = 0;
			knownRegions = (
				en,
				Base,
			);
			mainGroup = E4A1FFB82B6462EE00526B23;
			productRefGroup = E4A1FFC22B6462EE00526B23 /* Products */;
			projectDirPath = "";
			projectRoot = "";
			targets = (
				E4A1FFC02B6462EE00526B23 /* Notes3 */,
				E4A1FFD02B6462EF00526B23 /* Notes3Tests */,
				E4A1FFDA2B6462EF00526B23 /* Notes3UITests */,
			);
		};
/* End PBXProject section */

/* Begin PBXResourcesBuildPhase section */
		E4A1FFBF2B6462EE00526B23 /* Resources */ = {
			isa = PBXResourcesBuildPhase;
			buildActionMask = 2147483647;
			files = (
				E4A1FFCC2B6462EF00526B23 /* Preview Assets.xcassets in Resources */,
				E4A1FFC92B6462EF00526B23 /* Assets.xcassets in Resources */,
				E46924D62B670B6B00B735A2 /* Readme.md in Resources */,
			);
			runOnlyForDeploymentPostprocessing = 0;
		};
		E4A1FFCF2B6462EF00526B23 /* Resources */ = {
			isa = PBXResourcesBuildPhase;
			buildActionMask = 2147483647;
			files = (
			);
			runOnlyForDeploymentPostprocessing = 0;
		};
		E4A1FFD92B6462EF00526B23 /* Resources */ = {
			isa = PBXResourcesBuildPhase;
			buildActionMask = 2147483647;
			files = (
			);
			runOnlyForDeploymentPostprocessing = 0;
		};
/* End PBXResourcesBuildPhase section */

/* Begin PBXSourcesBuildPhase section */
		E4A1FFBD2B6462EE00526B23 /* Sources */ = {
			isa = PBXSourcesBuildPhase;
			buildActionMask = 2147483647;
			files = (
				E4A1FFFA2B6546C300526B23 /* AddTopicView.swift in Sources */,
				E4A1FFEF2B64633100526B23 /* ThreeColumnContentView.swift in Sources */,
				E4A1FFFE2B6568F400526B23 /* NoteListView.swift in Sources */,
				E4A1FFF42B64782700526B23 /* NavigationContext.swift in Sources */,
				E4A100002B65756700526B23 /* NoteView.swift in Sources */,
				E4A1FFF62B647A2900526B23 /* TopicListView.swift in Sources */,
				E4A1FFC72B6462EE00526B23 /* ContentView.swift in Sources */,
				E4A1FFC52B6462EE00526B23 /* Notes3App.swift in Sources */,
				E4A1FFFC2B6550AF00526B23 /* AddNoteView.swift in Sources */,
				E4A1FFF82B647EF700526B23 /* NotesSampleData.swift in Sources */,
				E4A1FFF22B64638100526B23 /* Note.swift in Sources */,
			);
			runOnlyForDeploymentPostprocessing = 0;
		};
		E4A1FFCD2B6462EF00526B23 /* Sources */ = {
			isa = PBXSourcesBuildPhase;
			buildActionMask = 2147483647;
			files = (
				E4A1FFD62B6462EF00526B23 /* Notes3Tests.swift in Sources */,
			);
			runOnlyForDeploymentPostprocessing = 0;
		};
		E4A1FFD72B6462EF00526B23 /* Sources */ = {
			isa = PBXSourcesBuildPhase;
			buildActionMask = 2147483647;
			files = (
				E4A1FFE22B6462EF00526B23 /* Notes3UITestsLaunchTests.swift in Sources */,
				E4A1FFE02B6462EF00526B23 /* Notes3UITests.swift in Sources */,
			);
			runOnlyForDeploymentPostprocessing = 0;
		};
/* End PBXSourcesBuildPhase section */

/* Begin PBXTargetDependency section */
		E4A1FFD32B6462EF00526B23 /* PBXTargetDependency */ = {
			isa = PBXTargetDependency;
			target = E4A1FFC02B6462EE00526B23 /* Notes3 */;
			targetProxy = E4A1FFD22B6462EF00526B23 /* PBXContainerItemProxy */;
		};
		E4A1FFDD2B6462EF00526B23 /* PBXTargetDependency */ = {
			isa = PBXTargetDependency;
			target = E4A1FFC02B6462EE00526B23 /* Notes3 */;
			targetProxy = E4A1FFDC2B6462EF00526B23 /* PBXContainerItemProxy */;
		};
/* End PBXTargetDependency section */

/* Begin XCBuildConfiguration section */
		E4A1FFE32B6462EF00526B23 /* Debug */ = {
			isa = XCBuildConfiguration;
			buildSettings = {
				ALWAYS_SEARCH_USER_PATHS = NO;
				ASSETCATALOG_COMPILER_GENERATE_SWIFT_ASSET_SYMBOL_EXTENSIONS = YES;
				CLANG_ANALYZER_NONNULL = YES;
				CLANG_ANALYZER_NUMBER_OBJECT_CONVERSION = YES_AGGRESSIVE;
				CLANG_CXX_LANGUAGE_STANDARD = "gnu++20";
				CLANG_ENABLE_MODULES = YES;
				CLANG_ENABLE_OBJC_ARC = YES;
				CLANG_ENABLE_OBJC_WEAK = YES;
				CLANG_WARN_BLOCK_CAPTURE_AUTORELEASING = YES;
				CLANG_WARN_BOOL_CONVERSION = YES;
				CLANG_WARN_COMMA = YES;
				CLANG_WARN_CONSTANT_CONVERSION = YES;
				CLANG_WARN_DEPRECATED_OBJC_IMPLEMENTATIONS = YES;
				CLANG_WARN_DIRECT_OBJC_ISA_USAGE = YES_ERROR;
				CLANG_WARN_DOCUMENTATION_COMMENTS = YES;
				CLANG_WARN_EMPTY_BODY = YES;
				CLANG_WARN_ENUM_CONVERSION = YES;
				CLANG_WARN_INFINITE_RECURSION = YES;
				CLANG_WARN_INT_CONVERSION = YES;
				CLANG_WARN_NON_LITERAL_NULL_CONVERSION = YES;
				CLANG_WARN_OBJC_IMPLICIT_RETAIN_SELF = YES;
				CLANG_WARN_OBJC_LITERAL_CONVERSION = YES;
				CLANG_WARN_OBJC_ROOT_CLASS = YES_ERROR;
				CLANG_WARN_QUOTED_INCLUDE_IN_FRAMEWORK_HEADER = YES;
				CLANG_WARN_RANGE_LOOP_ANALYSIS = YES;
				CLANG_WARN_STRICT_PROTOTYPES = YES;
				CLANG_WARN_SUSPICIOUS_MOVE = YES;
				CLANG_WARN_UNGUARDED_AVAILABILITY = YES_AGGRESSIVE;
				CLANG_WARN_UNREACHABLE_CODE = YES;
				CLANG_WARN__DUPLICATE_METHOD_MATCH = YES;
				COPY_PHASE_STRIP = NO;
				DEBUG_INFORMATION_FORMAT = dwarf;
				ENABLE_STRICT_OBJC_MSGSEND = YES;
				ENABLE_TESTABILITY = YES;
				ENABLE_USER_SCRIPT_SANDBOXING = YES;
				GCC_C_LANGUAGE_STANDARD = gnu17;
				GCC_DYNAMIC_NO_PIC = NO;
				GCC_NO_COMMON_BLOCKS = YES;
				GCC_OPTIMIZATION_LEVEL = 0;
				GCC_PREPROCESSOR_DEFINITIONS = (
					"DEBUG=1",
					"$(inherited)",
				);
				GCC_WARN_64_TO_32_BIT_CONVERSION = YES;
				GCC_WARN_ABOUT_RETURN_TYPE = YES_ERROR;
				GCC_WARN_UNDECLARED_SELECTOR = YES;
				GCC_WARN_UNINITIALIZED_AUTOS = YES_AGGRESSIVE;
				GCC_WARN_UNUSED_FUNCTION = YES;
				GCC_WARN_UNUSED_VARIABLE = YES;
				IPHONEOS_DEPLOYMENT_TARGET = 17.2;
				LOCALIZATION_PREFERS_STRING_CATALOGS = YES;
				MTL_ENABLE_DEBUG_INFO = INCLUDE_SOURCE;
				MTL_FAST_MATH = YES;
				ONLY_ACTIVE_ARCH = YES;
				SDKROOT = iphoneos;
				SWIFT_ACTIVE_COMPILATION_CONDITIONS = "DEBUG $(inherited)";
				SWIFT_OPTIMIZATION_LEVEL = "-Onone";
			};
			name = Debug;
		};
		E4A1FFE42B6462EF00526B23 /* Release */ = {
			isa = XCBuildConfiguration;
			buildSettings = {
				ALWAYS_SEARCH_USER_PATHS = NO;
				ASSETCATALOG_COMPILER_GENERATE_SWIFT_ASSET_SYMBOL_EXTENSIONS = YES;
				CLANG_ANALYZER_NONNULL = YES;
				CLANG_ANALYZER_NUMBER_OBJECT_CONVERSION = YES_AGGRESSIVE;
				CLANG_CXX_LANGUAGE_STANDARD = "gnu++20";
				CLANG_ENABLE_MODULES = YES;
				CLANG_ENABLE_OBJC_ARC = YES;
				CLANG_ENABLE_OBJC_WEAK = YES;
				CLANG_WARN_BLOCK_CAPTURE_AUTORELEASING = YES;
				CLANG_WARN_BOOL_CONVERSION = YES;
				CLANG_WARN_COMMA = YES;
				CLANG_WARN_CONSTANT_CONVERSION = YES;
				CLANG_WARN_DEPRECATED_OBJC_IMPLEMENTATIONS = YES;
				CLANG_WARN_DIRECT_OBJC_ISA_USAGE = YES_ERROR;
				CLANG_WARN_DOCUMENTATION_COMMENTS = YES;
				CLANG_WARN_EMPTY_BODY = YES;
				CLANG_WARN_ENUM_CONVERSION = YES;
				CLANG_WARN_INFINITE_RECURSION = YES;
				CLANG_WARN_INT_CONVERSION = YES;
				CLANG_WARN_NON_LITERAL_NULL_CONVERSION = YES;
				CLANG_WARN_OBJC_IMPLICIT_RETAIN_SELF = YES;
				CLANG_WARN_OBJC_LITERAL_CONVERSION = YES;
				CLANG_WARN_OBJC_ROOT_CLASS = YES_ERROR;
				CLANG_WARN_QUOTED_INCLUDE_IN_FRAMEWORK_HEADER = YES;
				CLANG_WARN_RANGE_LOOP_ANALYSIS = YES;
				CLANG_WARN_STRICT_PROTOTYPES = YES;
				CLANG_WARN_SUSPICIOUS_MOVE = YES;
				CLANG_WARN_UNGUARDED_AVAILABILITY = YES_AGGRESSIVE;
				CLANG_WARN_UNREACHABLE_CODE = YES;
				CLANG_WARN__DUPLICATE_METHOD_MATCH = YES;
				COPY_PHASE_STRIP = NO;
				DEBUG_INFORMATION_FORMAT = "dwarf-with-dsym";
				ENABLE_NS_ASSERTIONS = NO;
				ENABLE_STRICT_OBJC_MSGSEND = YES;
				ENABLE_USER_SCRIPT_SANDBOXING = YES;
				GCC_C_LANGUAGE_STANDARD = gnu17;
				GCC_NO_COMMON_BLOCKS = YES;
				GCC_WARN_64_TO_32_BIT_CONVERSION = YES;
				GCC_WARN_ABOUT_RETURN_TYPE = YES_ERROR;
				GCC_WARN_UNDECLARED_SELECTOR = YES;
				GCC_WARN_UNINITIALIZED_AUTOS = YES_AGGRESSIVE;
				GCC_WARN_UNUSED_FUNCTION = YES;
				GCC_WARN_UNUSED_VARIABLE = YES;
				IPHONEOS_DEPLOYMENT_TARGET = 17.2;
				LOCALIZATION_PREFERS_STRING_CATALOGS = YES;
				MTL_ENABLE_DEBUG_INFO = NO;
				MTL_FAST_MATH = YES;
				SDKROOT = iphoneos;
				SWIFT_COMPILATION_MODE = wholemodule;
				VALIDATE_PRODUCT = YES;
			};
			name = Release;
		};
		E4A1FFE62B6462EF00526B23 /* Debug */ = {
			isa = XCBuildConfiguration;
			buildSettings = {
				ASSETCATALOG_COMPILER_APPICON_NAME = AppIcon;
				ASSETCATALOG_COMPILER_GLOBAL_ACCENT_COLOR_NAME = AccentColor;
				CODE_SIGN_STYLE = Automatic;
				CURRENT_PROJECT_VERSION = 1;
				DEVELOPMENT_ASSET_PATHS = "\"Notes3/Preview Content\"";
				DEVELOPMENT_TEAM = R28W7FR6SE;
				ENABLE_PREVIEWS = YES;
				GENERATE_INFOPLIST_FILE = YES;
				INFOPLIST_KEY_UIApplicationSceneManifest_Generation = YES;
				INFOPLIST_KEY_UIApplicationSupportsIndirectInputEvents = YES;
				INFOPLIST_KEY_UILaunchScreen_Generation = YES;
				INFOPLIST_KEY_UISupportedInterfaceOrientations_iPad = "UIInterfaceOrientationPortrait UIInterfaceOrientationPortraitUpsideDown UIInterfaceOrientationLandscapeLeft UIInterfaceOrientationLandscapeRight";
				INFOPLIST_KEY_UISupportedInterfaceOrientations_iPhone = "UIInterfaceOrientationPortrait UIInterfaceOrientationLandscapeLeft UIInterfaceOrientationLandscapeRight";
				LD_RUNPATH_SEARCH_PATHS = (
					"$(inherited)",
					"@executable_path/Frameworks",
				);
				MARKETING_VERSION = 1.0;
				PRODUCT_BUNDLE_IDENTIFIER = com.unlikelyware.Notes3;
				PRODUCT_NAME = "$(TARGET_NAME)";
				SUPPORTED_PLATFORMS = "iphoneos iphonesimulator macosx";
				SUPPORTS_MACCATALYST = NO;
				SWIFT_EMIT_LOC_STRINGS = YES;
				SWIFT_VERSION = 5.0;
				TARGETED_DEVICE_FAMILY = "1,2";
			};
			name = Debug;
		};
		E4A1FFE72B6462EF00526B23 /* Release */ = {
			isa = XCBuildConfiguration;
			buildSettings = {
				ASSETCATALOG_COMPILER_APPICON_NAME = AppIcon;
				ASSETCATALOG_COMPILER_GLOBAL_ACCENT_COLOR_NAME = AccentColor;
				CODE_SIGN_STYLE = Automatic;
				CURRENT_PROJECT_VERSION = 1;
				DEVELOPMENT_ASSET_PATHS = "\"Notes3/Preview Content\"";
				DEVELOPMENT_TEAM = R28W7FR6SE;
				ENABLE_PREVIEWS = YES;
				GENERATE_INFOPLIST_FILE = YES;
				INFOPLIST_KEY_UIApplicationSceneManifest_Generation = YES;
				INFOPLIST_KEY_UIApplicationSupportsIndirectInputEvents = YES;
				INFOPLIST_KEY_UILaunchScreen_Generation = YES;
				INFOPLIST_KEY_UISupportedInterfaceOrientations_iPad = "UIInterfaceOrientationPortrait UIInterfaceOrientationPortraitUpsideDown UIInterfaceOrientationLandscapeLeft UIInterfaceOrientationLandscapeRight";
				INFOPLIST_KEY_UISupportedInterfaceOrientations_iPhone = "UIInterfaceOrientationPortrait UIInterfaceOrientationLandscapeLeft UIInterfaceOrientationLandscapeRight";
				LD_RUNPATH_SEARCH_PATHS = (
					"$(inherited)",
					"@executable_path/Frameworks",
				);
				MARKETING_VERSION = 1.0;
				PRODUCT_BUNDLE_IDENTIFIER = com.unlikelyware.Notes3;
				PRODUCT_NAME = "$(TARGET_NAME)";
				SUPPORTED_PLATFORMS = "iphoneos iphonesimulator macosx";
				SUPPORTS_MACCATALYST = NO;
				SWIFT_EMIT_LOC_STRINGS = YES;
				SWIFT_VERSION = 5.0;
				TARGETED_DEVICE_FAMILY = "1,2";
			};
			name = Release;
		};
		E4A1FFE92B6462EF00526B23 /* Debug */ = {
			isa = XCBuildConfiguration;
			buildSettings = {
				ALWAYS_EMBED_SWIFT_STANDARD_LIBRARIES = YES;
				BUNDLE_LOADER = "$(TEST_HOST)";
				CODE_SIGN_STYLE = Automatic;
				CURRENT_PROJECT_VERSION = 1;
				DEVELOPMENT_TEAM = R28W7FR6SE;
				GENERATE_INFOPLIST_FILE = YES;
				IPHONEOS_DEPLOYMENT_TARGET = 17.2;
				MARKETING_VERSION = 1.0;
				PRODUCT_BUNDLE_IDENTIFIER = com.unlikelyware.Notes3Tests;
				PRODUCT_NAME = "$(TARGET_NAME)";
				SWIFT_EMIT_LOC_STRINGS = NO;
				SWIFT_VERSION = 5.0;
				TARGETED_DEVICE_FAMILY = "1,2";
				TEST_HOST = "$(BUILT_PRODUCTS_DIR)/Notes3.app/$(BUNDLE_EXECUTABLE_FOLDER_PATH)/Notes3";
			};
			name = Debug;
		};
		E4A1FFEA2B6462EF00526B23 /* Release */ = {
			isa = XCBuildConfiguration;
			buildSettings = {
				ALWAYS_EMBED_SWIFT_STANDARD_LIBRARIES = YES;
				BUNDLE_LOADER = "$(TEST_HOST)";
				CODE_SIGN_STYLE = Automatic;
				CURRENT_PROJECT_VERSION = 1;
				DEVELOPMENT_TEAM = R28W7FR6SE;
				GENERATE_INFOPLIST_FILE = YES;
				IPHONEOS_DEPLOYMENT_TARGET = 17.2;
				MARKETING_VERSION = 1.0;
				PRODUCT_BUNDLE_IDENTIFIER = com.unlikelyware.Notes3Tests;
				PRODUCT_NAME = "$(TARGET_NAME)";
				SWIFT_EMIT_LOC_STRINGS = NO;
				SWIFT_VERSION = 5.0;
				TARGETED_DEVICE_FAMILY = "1,2";
				TEST_HOST = "$(BUILT_PRODUCTS_DIR)/Notes3.app/$(BUNDLE_EXECUTABLE_FOLDER_PATH)/Notes3";
			};
			name = Release;
		};
		E4A1FFEC2B6462EF00526B23 /* Debug */ = {
			isa = XCBuildConfiguration;
			buildSettings = {
				ALWAYS_EMBED_SWIFT_STANDARD_LIBRARIES = YES;
				CODE_SIGN_STYLE = Automatic;
				CURRENT_PROJECT_VERSION = 1;
				DEVELOPMENT_TEAM = R28W7FR6SE;
				GENERATE_INFOPLIST_FILE = YES;
				MARKETING_VERSION = 1.0;
				PRODUCT_BUNDLE_IDENTIFIER = com.unlikelyware.Notes3UITests;
				PRODUCT_NAME = "$(TARGET_NAME)";
				SWIFT_EMIT_LOC_STRINGS = NO;
				SWIFT_VERSION = 5.0;
				TARGETED_DEVICE_FAMILY = "1,2";
				TEST_TARGET_NAME = Notes3;
			};
			name = Debug;
		};
		E4A1FFED2B6462EF00526B23 /* Release */ = {
			isa = XCBuildConfiguration;
			buildSettings = {
				ALWAYS_EMBED_SWIFT_STANDARD_LIBRARIES = YES;
				CODE_SIGN_STYLE = Automatic;
				CURRENT_PROJECT_VERSION = 1;
				DEVELOPMENT_TEAM = R28W7FR6SE;
				GENERATE_INFOPLIST_FILE = YES;
				MARKETING_VERSION = 1.0;
				PRODUCT_BUNDLE_IDENTIFIER = com.unlikelyware.Notes3UITests;
				PRODUCT_NAME = "$(TARGET_NAME)";
				SWIFT_EMIT_LOC_STRINGS = NO;
				SWIFT_VERSION = 5.0;
				TARGETED_DEVICE_FAMILY = "1,2";
				TEST_TARGET_NAME = Notes3;
			};
			name = Release;
		};
/* End XCBuildConfiguration section */

/* Begin XCConfigurationList section */
		E4A1FFBC2B6462EE00526B23 /* Build configuration list for PBXProject "Notes3" */ = {
			isa = XCConfigurationList;
			buildConfigurations = (
				E4A1FFE32B6462EF00526B23 /* Debug */,
				E4A1FFE42B6462EF00526B23 /* Release */,
			);
			defaultConfigurationIsVisible = 0;
			defaultConfigurationName = Release;
		};
		E4A1FFE52B6462EF00526B23 /* Build configuration list for PBXNativeTarget "Notes3" */ = {
			isa = XCConfigurationList;
			buildConfigurations = (
				E4A1FFE62B6462EF00526B23 /* Debug */,
				E4A1FFE72B6462EF00526B23 /* Release */,
			);
			defaultConfigurationIsVisible = 0;
			defaultConfigurationName = Release;
		};
		E4A1FFE82B6462EF00526B23 /* Build configuration list for PBXNativeTarget "Notes3Tests" */ = {
			isa = XCConfigurationList;
			buildConfigurations = (
				E4A1FFE92B6462EF00526B23 /* Debug */,
				E4A1FFEA2B6462EF00526B23 /* Release */,
			);
			defaultConfigurationIsVisible = 0;
			defaultConfigurationName = Release;
		};
		E4A1FFEB2B6462EF00526B23 /* Build configuration list for PBXNativeTarget "Notes3UITests" */ = {
			isa = XCConfigurationList;
			buildConfigurations = (
				E4A1FFEC2B6462EF00526B23 /* Debug */,
				E4A1FFED2B6462EF00526B23 /* Release */,
			);
			defaultConfigurationIsVisible = 0;
			defaultConfigurationName = Release;
		};
/* End XCConfigurationList section */
	};
	rootObject = E4A1FFB92B6462EE00526B23 /* Project object */;
}
